{
  "name": "codex-cli-lock",
  "lockfileVersion": 3,
  "requires": true,
  "packages": {
    "": {
      "name": "codex-cli-lock",
      "dependencies": {
        "@openai/codex": "0.159.2"
      }
    },
    "node_modules/@openai/codex": {
      "version": "0.159.2",
      "resolved": "https://registry.npmjs.org/@openai/codex/-/codex-0.159.2.tgz",
      "integrity": "sha512-SE13C3nZCYoVL569BdegoOl6vwjb7o2sXOo7ivwVzaVoY0cswwi0/6pIE0TyO/C0vIkQh3jslExitET7PBTfIg==",
      "license": "Apache-2.0",
      "bin": {
        "codex": "bin/codex.js"
      },
      "engines": {
        "node": ">=16"
      },
      "optionalDependencies": {
        "@openai/codex-darwin-arm64": "npm:@openai/codex@0.159.2-darwin-arm64",
        "@openai/codex-darwin-x64": "npm:@openai/codex@0.159.2-darwin-x64",
        "@openai/codex-linux-arm64": "npm:@openai/codex@0.159.2-linux-arm64",
        "@openai/codex-linux-x64": "npm:@openai/codex@0.159.2-linux-x64",
        "@openai/codex-win32-arm64": "npm:@openai/codex@0.159.2-win32-arm64",
        "@openai/codex-win32-x64": "npm:@openai/codex@0.159.2-win32-x64"
      }
    },
    "node_modules/@openai/codex-darwin-arm64": {
      "name": "@openai/codex",
      "version": "0.159.2-darwin-arm64",
      "resolved": "https://registry.npmjs.org/@openai/codex/-/codex-0.159.2-darwin-arm64.tgz",
      "integrity": "sha512-7SPaPFU0tdqapQ5VEgrF+wb+p9dxfWfLMXMKZMRKoWPn/tLMajlMjYBBnu8o6VtaVH2DHQ6kpnp5TMkv5bqvrg==",
      "cpu": [
        "arm64"
      ],
      "license": "Apache-2.0",
      "optional": true,
      "os": [
        "darwin"
      ],
      "engines": {
        "node": ">=16"
      }
    },
    "node_modules/@openai/codex-darwin-x64": {
      "name": "@openai/codex",
      "version": "0.159.2-darwin-x64",
      "resolved": "https://registry.npmjs.org/@openai/codex/-/codex-0.159.2-darwin-x64.tgz",
      "integrity": "sha512-VPZGYHH2yVn8S3IuxJk38vxhBADJZp68IBL8hr4quJ2R7jM16l43TLCwRemN+1J27V/cs771fbx63aGRf5F8JA==",
      "cpu": [
        "x64"
      ],
      "license": "Apache-2.0",
      "optional": true,
      "os": [
        "darwin"
      ],
      "engines": {
        "node": ">=16"
      }
    },
    "node_modules/@openai/codex-linux-arm64": {
      "name": "@openai/codex",
      "version": "0.159.2-linux-arm64",
      "resolved": "https://registry.npmjs.org/@openai/codex/-/codex-0.159.2-linux-arm64.tgz",
      "integrity": "sha512-Pm0W2PnFeTEqPx+AOIwgOVB4dBtY24cuD0tx1hjCor60CbSAT7WBPZVNUINSrTCDrMndvQC67p71ZEz+gmPPkA==",
      "cpu": [
        "arm64"
      ],
      "license": "Apache-2.0",
      "optional": true,
      "os": [
        "linux"
      ],
      "engines": {
        "node": ">=16"
      }
    },
    "node_modules/@openai/codex-linux-x64": {
      "name": "@openai/codex",
      "version": "0.159.2-linux-x64",
      "resolved": "https://registry.npmjs.org/@openai/codex/-/codex-0.159.2-linux-x64.tgz",
      "integrity": "sha512-RrCZ1X52wpa1lOsXtCtSyhjOFdQPh7LH5Ccv8HsKmd/2UXbUwxXFqWXFK3JzatquUNGtW/TLox5Y7qVOGkV0/Q==",
      "cpu": [
        "x64"
      ],
      "license": "Apache-2.0",
      "optional": true,
      "os": [
        "linux"
      ],
      "engines": {
        "node": ">=16"
      }
    },
    "node_modules/@openai/codex-win32-arm64": {
      "name": "@openai/codex",
      "version": "0.159.2-win32-arm64",
      "resolved": "https://registry.npmjs.org/@openai/codex/-/codex-0.159.2-win32-arm64.tgz",
      "integrity": "sha512-8+xM4Wj2J38ieRse9kzbMRQQc2d+kvck2Zm2+gX2sth5RXPZQ1yqYhFmevHLC8IO73syk2xiIclH0qvoc97pgg==",
      "cpu": [
        "arm64"
      ],
      "license": "Apache-2.0",
      "optional": true,
      "os": [
        "win32"
      ],
      "engines": {
        "node": ">=16"
      }
    },
    "node_modules/@openai/codex-win32-x64": {
      "name": "@openai/codex",
      "version": "0.159.2-win32-x64",
      "resolved": "https://registry.npmjs.org/@openai/codex/-/codex-0.159.2-win32-x64.tgz",
      "integrity": "sha512-1ZJVTO40/ZaHPUUWc3uCX73jwzJRaDxAjRQEf37dC5Q3h1fp/Z7+1L8oX3bPlXgjhEY6kHW3rm0wz2sdQ5rxNw==",
      "cpu": [
        "x64"
      ],
      "license": "Apache-2.0",
      "optional": true,
      "os": [
        "win32"
      ],
      "engines": {
        "node": ">=16"
      }
    }
  }
}
