{
    "_meta": {
        "hash": {
            "sha256": "a13379da94f4554b5849c0e3109b4a041a69d5e09417e5128b2bceb51cb8aa44"
        },
        "pipfile-spec": 6,
        "requires": {},
        "sources": [
            {
                "name": "pypi",
                "url": "https://pypi.org/simple",
                "verify_ssl": true
            }
        ]
    },
    "default": {
        "ansible": "*",
        "jmespath": "*"
    },
    "develop": {
        "ansible-lint": "*",
        "yamllint": "*"
    }
}
