{
    "_meta": {
        "hash": {
            "sha256": "1c674821124dcb790bc9a1a33b2f3050a0496345a18e57eda5b4737b976d3486"
        },
        "pipfile-spec": 6,
        "requires": {},
        "sources": [
            {
                "name": "pypi",
                "url": "https://pypi.org/simple",
                "verify_ssl": true
            }
        ]
    },
    "default": {
        "ansible": "*",
        "jmespath": "*",
        "vim-vint": "*"
    },
    "develop": {
        "ansible-lint": "*",
        "yamllint": "*"
    }
}
